// !$*UTF8*$!
{
	archiveVersion = 1;
	classes = {
	};
	objectVersion = 46;
	objects = {

/* Begin PBXBuildFile section */
		2A1ED60D1C5827FF0082E4FF /* AppDelegate.swift in Sources */ = {isa = PBXBuildFile; fileRef = 2A1ED60C1C5827FF0082E4FF /* AppDelegate.swift */; };
		2A1ED60F1C5827FF0082E4FF /* FirstViewController.swift in Sources */ = {isa = PBXBuildFile; fileRef = 2A1ED60E1C5827FF0082E4FF /* FirstViewController.swift */; };
		2A1ED6111C5827FF0082E4FF /* SecondViewController.swift in Sources */ = {isa = PBXBuildFile; fileRef = 2A1ED6101C5827FF0082E4FF /* SecondViewController.swift */; };
		2A1ED6141C5827FF0082E4FF /* Main.storyboard in Resources */ = {isa = PBXBuildFile; fileRef = 2A1ED6121C5827FF0082E4FF /* Main.storyboard */; };
		2A1ED6161C5827FF0082E4FF /* Assets.xcassets in Resources */ = {isa = PBXBuildFile; fileRef = 2A1ED6151C5827FF0082E4FF /* Assets.xcassets */; };
		2A1ED6191C5827FF0082E4FF /* LaunchScreen.storyboard in Resources */ = {isa = PBXBuildFile; fileRef = 2A1ED6171C5827FF0082E4FF /* LaunchScreen.storyboard */; };
		2A1ED6241C5827FF0082E4FF /* MatchUpProjectTests.swift in Sources */ = {isa = PBXBuildFile; fileRef = 2A1ED6231C5827FF0082E4FF /* MatchUpProjectTests.swift */; };
		2A1ED62F1C5827FF0082E4FF /* MatchUpProjectUITests.swift in Sources */ = {isa = PBXBuildFile; fileRef = 2A1ED62E1C5827FF0082E4FF /* MatchUpProjectUITests.swift */; };
		2A1ED63D1C582B310082E4FF /* LoginViewController.swift in Sources */ = {isa = PBXBuildFile; fileRef = 2A1ED63C1C582B310082E4FF /* LoginViewController.swift */; };
		2A1ED63F1C58301D0082E4FF /* AudioToolbox.framework in Frameworks */ = {isa = PBXBuildFile; fileRef = 2A1ED63E1C58301D0082E4FF /* AudioToolbox.framework */; };
		2A1ED6421C591B190082E4FF /* CFNetwork.framework in Frameworks */ = {isa = PBXBuildFile; fileRef = 2A1ED6411C591B190082E4FF /* CFNetwork.framework */; };
		2A1ED6441C591B230082E4FF /* CoreGraphics.framework in Frameworks */ = {isa = PBXBuildFile; fileRef = 2A1ED6431C591B230082E4FF /* CoreGraphics.framework */; };
		2A1ED6461C591B2E0082E4FF /* CoreLocation.framework in Frameworks */ = {isa = PBXBuildFile; fileRef = 2A1ED6451C591B2E0082E4FF /* CoreLocation.framework */; };
		2A1ED6481C591B350082E4FF /* QuartzCore.framework in Frameworks */ = {isa = PBXBuildFile; fileRef = 2A1ED6471C591B350082E4FF /* QuartzCore.framework */; };
		2A1ED64A1C591B3F0082E4FF /* Security.framework in Frameworks */ = {isa = PBXBuildFile; fileRef = 2A1ED6491C591B3F0082E4FF /* Security.framework */; };
		2A1ED64C1C591B470082E4FF /* StoreKit.framework in Frameworks */ = {isa = PBXBuildFile; fileRef = 2A1ED64B1C591B470082E4FF /* StoreKit.framework */; };
		2A1ED64E1C591B530082E4FF /* SystemConfiguration.framework in Frameworks */ = {isa = PBXBuildFile; fileRef = 2A1ED64D1C591B530082E4FF /* SystemConfiguration.framework */; };
		2A1ED6501C591B600082E4FF /* libz.tbd in Frameworks */ = {isa = PBXBuildFile; fileRef = 2A1ED64F1C591B600082E4FF /* libz.tbd */; };
		2A1ED6521C591B6A0082E4FF /* libsqlite3.tbd in Frameworks */ = {isa = PBXBuildFile; fileRef = 2A1ED6511C591B6A0082E4FF /* libsqlite3.tbd */; };
		2A1ED6611C5924730082E4FF /* Podfile in Resources */ = {isa = PBXBuildFile; fileRef = 2A1ED6601C5924730082E4FF /* Podfile */; };
		2A1ED66A1C5926680082E4FF /* ParseFacebookUtils.framework in Frameworks */ = {isa = PBXBuildFile; fileRef = 2A1ED6641C5926680082E4FF /* ParseFacebookUtils.framework */; };
		2A1ED66B1C5926680082E4FF /* ParseFacebookUtilsV4.framework in Frameworks */ = {isa = PBXBuildFile; fileRef = 2A1ED6651C5926680082E4FF /* ParseFacebookUtilsV4.framework */; };
		2A1ED66C1C5926680082E4FF /* ParseTwitterUtils.framework in Frameworks */ = {isa = PBXBuildFile; fileRef = 2A1ED6661C5926680082E4FF /* ParseTwitterUtils.framework */; };
		2A1ED66D1C5926680082E4FF /* ParseUI.framework in Frameworks */ = {isa = PBXBuildFile; fileRef = 2A1ED6671C5926680082E4FF /* ParseUI.framework */; };
		2A1ED66E1C5926680082E4FF /* Bolts.framework in Frameworks */ = {isa = PBXBuildFile; fileRef = 2A1ED6681C5926680082E4FF /* Bolts.framework */; };
		2A1ED66F1C5926680082E4FF /* Parse.framework in Frameworks */ = {isa = PBXBuildFile; fileRef = 2A1ED6691C5926680082E4FF /* Parse.framework */; };
		2A1ED6731C592E840082E4FF /* FBSDKCoreKit.framework in Frameworks */ = {isa = PBXBuildFile; fileRef = 2A1ED6701C592E840082E4FF /* FBSDKCoreKit.framework */; };
		2A1ED6741C592E840082E4FF /* FBSDKLoginKit.framework in Frameworks */ = {isa = PBXBuildFile; fileRef = 2A1ED6711C592E840082E4FF /* FBSDKLoginKit.framework */; };
		2A1ED6751C592E840082E4FF /* FBSDKShareKit.framework in Frameworks */ = {isa = PBXBuildFile; fileRef = 2A1ED6721C592E840082E4FF /* FBSDKShareKit.framework */; };
/* End PBXBuildFile section */

/* Begin PBXContainerItemProxy section */
		2A1ED6201C5827FF0082E4FF /* PBXContainerItemProxy */ = {
			isa = PBXContainerItemProxy;
			containerPortal = 2A1ED6011C5827FE0082E4FF /* Project object */;
			proxyType = 1;
			remoteGlobalIDString = 2A1ED6081C5827FE0082E4FF;
			remoteInfo = MatchUpProject;
		};
		2A1ED62B1C5827FF0082E4FF /* PBXContainerItemProxy */ = {
			isa = PBXContainerItemProxy;
			containerPortal = 2A1ED6011C5827FE0082E4FF /* Project object */;
			proxyType = 1;
			remoteGlobalIDString = 2A1ED6081C5827FE0082E4FF;
			remoteInfo = MatchUpProject;
		};
/* End PBXContainerItemProxy section */

/* Begin PBXFileReference section */
		2A1ED6091C5827FE0082E4FF /* MatchUpProject.app */ = {isa = PBXFileReference; explicitFileType = wrapper.application; includeInIndex = 0; path = MatchUpProject.app; sourceTree = BUILT_PRODUCTS_DIR; };
		2A1ED60C1C5827FF0082E4FF /* AppDelegate.swift */ = {isa = PBXFileReference; lastKnownFileType = sourcecode.swift; path = AppDelegate.swift; sourceTree = "<group>"; };
		2A1ED60E1C5827FF0082E4FF /* FirstViewController.swift */ = {isa = PBXFileReference; lastKnownFileType = sourcecode.swift; path = FirstViewController.swift; sourceTree = "<group>"; };
		2A1ED6101C5827FF0082E4FF /* SecondViewController.swift */ = {isa = PBXFileReference; lastKnownFileType = sourcecode.swift; path = SecondViewController.swift; sourceTree = "<group>"; };
		2A1ED6131C5827FF0082E4FF /* Base */ = {isa = PBXFileReference; lastKnownFileType = file.storyboard; name = Base; path = Base.lproj/Main.storyboard; sourceTree = "<group>"; };
		2A1ED6151C5827FF0082E4FF /* Assets.xcassets */ = {isa = PBXFileReference; lastKnownFileType = folder.assetcatalog; path = Assets.xcassets; sourceTree = "<group>"; };
		2A1ED6181C5827FF0082E4FF /* Base */ = {isa = PBXFileReference; lastKnownFileType = file.storyboard; name = Base; path = Base.lproj/LaunchScreen.storyboard; sourceTree = "<group>"; };
		2A1ED61A1C5827FF0082E4FF /* Info.plist */ = {isa = PBXFileReference; lastKnownFileType = text.plist.xml; path = Info.plist; sourceTree = "<group>"; };
		2A1ED61F1C5827FF0082E4FF /* MatchUpProjectTests.xctest */ = {isa = PBXFileReference; explicitFileType = wrapper.cfbundle; includeInIndex = 0; path = MatchUpProjectTests.xctest; sourceTree = BUILT_PRODUCTS_DIR; };
		2A1ED6231C5827FF0082E4FF /* MatchUpProjectTests.swift */ = {isa = PBXFileReference; lastKnownFileType = sourcecode.swift; path = MatchUpProjectTests.swift; sourceTree = "<group>"; };
		2A1ED6251C5827FF0082E4FF /* Info.plist */ = {isa = PBXFileReference; lastKnownFileType = text.plist.xml; path = Info.plist; sourceTree = "<group>"; };
		2A1ED62A1C5827FF0082E4FF /* MatchUpProjectUITests.xctest */ = {isa = PBXFileReference; explicitFileType = wrapper.cfbundle; includeInIndex = 0; path = MatchUpProjectUITests.xctest; sourceTree = BUILT_PRODUCTS_DIR; };
		2A1ED62E1C5827FF0082E4FF /* MatchUpProjectUITests.swift */ = {isa = PBXFileReference; lastKnownFileType = sourcecode.swift; path = MatchUpProjectUITests.swift; sourceTree = "<group>"; };
		2A1ED6301C5827FF0082E4FF /* Info.plist */ = {isa = PBXFileReference; lastKnownFileType = text.plist.xml; path = Info.plist; sourceTree = "<group>"; };
		2A1ED63C1C582B310082E4FF /* LoginViewController.swift */ = {isa = PBXFileReference; fileEncoding = 4; lastKnownFileType = sourcecode.swift; path = LoginViewController.swift; sourceTree = "<group>"; };
		2A1ED63E1C58301D0082E4FF /* AudioToolbox.framework */ = {isa = PBXFileReference; lastKnownFileType = wrapper.framework; name = AudioToolbox.framework; path = System/Library/Frameworks/AudioToolbox.framework; sourceTree = SDKROOT; };
		2A1ED6411C591B190082E4FF /* CFNetwork.framework */ = {isa = PBXFileReference; lastKnownFileType = wrapper.framework; name = CFNetwork.framework; path = System/Library/Frameworks/CFNetwork.framework; sourceTree = SDKROOT; };
		2A1ED6431C591B230082E4FF /* CoreGraphics.framework */ = {isa = PBXFileReference; lastKnownFileType = wrapper.framework; name = CoreGraphics.framework; path = System/Library/Frameworks/CoreGraphics.framework; sourceTree = SDKROOT; };
		2A1ED6451C591B2E0082E4FF /* CoreLocation.framework */ = {isa = PBXFileReference; lastKnownFileType = wrapper.framework; name = CoreLocation.framework; path = System/Library/Frameworks/CoreLocation.framework; sourceTree = SDKROOT; };
		2A1ED6471C591B350082E4FF /* QuartzCore.framework */ = {isa = PBXFileReference; lastKnownFileType = wrapper.framework; name = QuartzCore.framework; path = System/Library/Frameworks/QuartzCore.framework; sourceTree = SDKROOT; };
		2A1ED6491C591B3F0082E4FF /* Security.framework */ = {isa = PBXFileReference; lastKnownFileType = wrapper.framework; name = Security.framework; path = System/Library/Frameworks/Security.framework; sourceTree = SDKROOT; };
		2A1ED64B1C591B470082E4FF /* StoreKit.framework */ = {isa = PBXFileReference; lastKnownFileType = wrapper.framework; name = StoreKit.framework; path = System/Library/Frameworks/StoreKit.framework; sourceTree = SDKROOT; };
		2A1ED64D1C591B530082E4FF /* SystemConfiguration.framework */ = {isa = PBXFileReference; lastKnownFileType = wrapper.framework; name = SystemConfiguration.framework; path = System/Library/Frameworks/SystemConfiguration.framework; sourceTree = SDKROOT; };
		2A1ED64F1C591B600082E4FF /* libz.tbd */ = {isa = PBXFileReference; lastKnownFileType = "sourcecode.text-based-dylib-definition"; name = libz.tbd; path = usr/lib/libz.tbd; sourceTree = SDKROOT; };
		2A1ED6511C591B6A0082E4FF /* libsqlite3.tbd */ = {isa = PBXFileReference; lastKnownFileType = "sourcecode.text-based-dylib-definition"; name = libsqlite3.tbd; path = usr/lib/libsqlite3.tbd; sourceTree = SDKROOT; };
		2A1ED6601C5924730082E4FF /* Podfile */ = {isa = PBXFileReference; fileEncoding = 4; lastKnownFileType = text; name = Podfile; path = MatchUpProject/Podfile; sourceTree = "<group>"; };
		2A1ED6641C5926680082E4FF /* ParseFacebookUtils.framework */ = {isa = PBXFileReference; lastKnownFileType = wrapper.framework; path = ParseFacebookUtils.framework; sourceTree = "<group>"; };
		2A1ED6651C5926680082E4FF /* ParseFacebookUtilsV4.framework */ = {isa = PBXFileReference; lastKnownFileType = wrapper.framework; path = ParseFacebookUtilsV4.framework; sourceTree = "<group>"; };
		2A1ED6661C5926680082E4FF /* ParseTwitterUtils.framework */ = {isa = PBXFileReference; lastKnownFileType = wrapper.framework; path = ParseTwitterUtils.framework; sourceTree = "<group>"; };
		2A1ED6671C5926680082E4FF /* ParseUI.framework */ = {isa = PBXFileReference; lastKnownFileType = wrapper.framework; path = ParseUI.framework; sourceTree = "<group>"; };
		2A1ED6681C5926680082E4FF /* Bolts.framework */ = {isa = PBXFileReference; lastKnownFileType = wrapper.framework; path = Bolts.framework; sourceTree = "<group>"; };
		2A1ED6691C5926680082E4FF /* Parse.framework */ = {isa = PBXFileReference; lastKnownFileType = wrapper.framework; path = Parse.framework; sourceTree = "<group>"; };
		2A1ED6701C592E840082E4FF /* FBSDKCoreKit.framework */ = {isa = PBXFileReference; lastKnownFileType = wrapper.framework; path = FBSDKCoreKit.framework; sourceTree = "<group>"; };
		2A1ED6711C592E840082E4FF /* FBSDKLoginKit.framework */ = {isa = PBXFileReference; lastKnownFileType = wrapper.framework; path = FBSDKLoginKit.framework; sourceTree = "<group>"; };
		2A1ED6721C592E840082E4FF /* FBSDKShareKit.framework */ = {isa = PBXFileReference; lastKnownFileType = wrapper.framework; path = FBSDKShareKit.framework; sourceTree = "<group>"; };
		2A1ED6771C5935F30082E4FF /* MatchUpProject-Bridging-Header.h */ = {isa = PBXFileReference; lastKnownFileType = sourcecode.c.h; name = "MatchUpProject-Bridging-Header.h"; path = "MatchUpProject/MatchUpProject-Bridging-Header.h"; sourceTree = "<group>"; };
/* End PBXFileReference section */

/* Begin PBXFrameworksBuildPhase section */
		2A1ED6061C5827FE0082E4FF /* Frameworks */ = {
			isa = PBXFrameworksBuildPhase;
			buildActionMask = 2147483647;
			files = (
				2A1ED66E1C5926680082E4FF /* Bolts.framework in Frameworks */,
				2A1ED6521C591B6A0082E4FF /* libsqlite3.tbd in Frameworks */,
				2A1ED6741C592E840082E4FF /* FBSDKLoginKit.framework in Frameworks */,
				2A1ED6731C592E840082E4FF /* FBSDKCoreKit.framework in Frameworks */,
				2A1ED6501C591B600082E4FF /* libz.tbd in Frameworks */,
				2A1ED66D1C5926680082E4FF /* ParseUI.framework in Frameworks */,
				2A1ED66B1C5926680082E4FF /* ParseFacebookUtilsV4.framework in Frameworks */,
				2A1ED64E1C591B530082E4FF /* SystemConfiguration.framework in Frameworks */,
				2A1ED66F1C5926680082E4FF /* Parse.framework in Frameworks */,
				2A1ED64C1C591B470082E4FF /* StoreKit.framework in Frameworks */,
				2A1ED64A1C591B3F0082E4FF /* Security.framework in Frameworks */,
				2A1ED66C1C5926680082E4FF /* ParseTwitterUtils.framework in Frameworks */,
				2A1ED6751C592E840082E4FF /* FBSDKShareKit.framework in Frameworks */,
				2A1ED6481C591B350082E4FF /* QuartzCore.framework in Frameworks */,
				2A1ED6461C591B2E0082E4FF /* CoreLocation.framework in Frameworks */,
				2A1ED66A1C5926680082E4FF /* ParseFacebookUtils.framework in Frameworks */,
				2A1ED6441C591B230082E4FF /* CoreGraphics.framework in Frameworks */,
				2A1ED6421C591B190082E4FF /* CFNetwork.framework in Frameworks */,
				2A1ED63F1C58301D0082E4FF /* AudioToolbox.framework in Frameworks */,
			);
			runOnlyForDeploymentPostprocessing = 0;
		};
		2A1ED61C1C5827FF0082E4FF /* Frameworks */ = {
			isa = PBXFrameworksBuildPhase;
			buildActionMask = 2147483647;
			files = (
			);
			runOnlyForDeploymentPostprocessing = 0;
		};
		2A1ED6271C5827FF0082E4FF /* Frameworks */ = {
			isa = PBXFrameworksBuildPhase;
			buildActionMask = 2147483647;
			files = (
			);
			runOnlyForDeploymentPostprocessing = 0;
		};
/* End PBXFrameworksBuildPhase section */

/* Begin PBXGroup section */
		2A1ED6001C5827FE0082E4FF = {
			isa = PBXGroup;
			children = (
				2A1ED6771C5935F30082E4FF /* MatchUpProject-Bridging-Header.h */,
				2A1ED60B1C5827FF0082E4FF /* MatchUpProject */,
				2A1ED6221C5827FF0082E4FF /* MatchUpProjectTests */,
				2A1ED62D1C5827FF0082E4FF /* MatchUpProjectUITests */,
				2A1ED60A1C5827FE0082E4FF /* Products */,
				2A1ED6401C5830210082E4FF /* Librerias Terceras */,
			);
			sourceTree = "<group>";
		};
		2A1ED60A1C5827FE0082E4FF /* Products */ = {
			isa = PBXGroup;
			children = (
				2A1ED6091C5827FE0082E4FF /* MatchUpProject.app */,
				2A1ED61F1C5827FF0082E4FF /* MatchUpProjectTests.xctest */,
				2A1ED62A1C5827FF0082E4FF /* MatchUpProjectUITests.xctest */,
			);
			name = Products;
			sourceTree = "<group>";
		};
		2A1ED60B1C5827FF0082E4FF /* MatchUpProject */ = {
			isa = PBXGroup;
			children = (
				2A1ED60C1C5827FF0082E4FF /* AppDelegate.swift */,
				2A1ED60E1C5827FF0082E4FF /* FirstViewController.swift */,
				2A1ED6101C5827FF0082E4FF /* SecondViewController.swift */,
				2A1ED6121C5827FF0082E4FF /* Main.storyboard */,
				2A1ED63C1C582B310082E4FF /* LoginViewController.swift */,
				2A1ED6151C5827FF0082E4FF /* Assets.xcassets */,
				2A1ED6171C5827FF0082E4FF /* LaunchScreen.storyboard */,
				2A1ED61A1C5827FF0082E4FF /* Info.plist */,
			);
			path = MatchUpProject;
			sourceTree = "<group>";
		};
		2A1ED6221C5827FF0082E4FF /* MatchUpProjectTests */ = {
			isa = PBXGroup;
			children = (
				2A1ED6231C5827FF0082E4FF /* MatchUpProjectTests.swift */,
				2A1ED6251C5827FF0082E4FF /* Info.plist */,
			);
			path = MatchUpProjectTests;
			sourceTree = "<group>";
		};
		2A1ED62D1C5827FF0082E4FF /* MatchUpProjectUITests */ = {
			isa = PBXGroup;
			children = (
				2A1ED62E1C5827FF0082E4FF /* MatchUpProjectUITests.swift */,
				2A1ED6301C5827FF0082E4FF /* Info.plist */,
			);
			path = MatchUpProjectUITests;
			sourceTree = "<group>";
		};
		2A1ED6401C5830210082E4FF /* Librerias Terceras */ = {
			isa = PBXGroup;
			children = (
				2A1ED6761C592E8A0082E4FF /* Facebook  */,
				2A1ED6531C591BDB0082E4FF /* Parse */,
				2A1ED6511C591B6A0082E4FF /* libsqlite3.tbd */,
				2A1ED64F1C591B600082E4FF /* libz.tbd */,
				2A1ED64D1C591B530082E4FF /* SystemConfiguration.framework */,
				2A1ED64B1C591B470082E4FF /* StoreKit.framework */,
				2A1ED6491C591B3F0082E4FF /* Security.framework */,
				2A1ED6471C591B350082E4FF /* QuartzCore.framework */,
				2A1ED6451C591B2E0082E4FF /* CoreLocation.framework */,
				2A1ED6431C591B230082E4FF /* CoreGraphics.framework */,
				2A1ED6411C591B190082E4FF /* CFNetwork.framework */,
				2A1ED63E1C58301D0082E4FF /* AudioToolbox.framework */,
				2A1ED6601C5924730082E4FF /* Podfile */,
			);
			name = "Librerias Terceras";
			sourceTree = "<group>";
		};
		2A1ED6531C591BDB0082E4FF /* Parse */ = {
			isa = PBXGroup;
			children = (
				2A1ED6641C5926680082E4FF /* ParseFacebookUtils.framework */,
				2A1ED6651C5926680082E4FF /* ParseFacebookUtilsV4.framework */,
				2A1ED6661C5926680082E4FF /* ParseTwitterUtils.framework */,
				2A1ED6671C5926680082E4FF /* ParseUI.framework */,
				2A1ED6681C5926680082E4FF /* Bolts.framework */,
				2A1ED6691C5926680082E4FF /* Parse.framework */,
			);
			name = Parse;
			sourceTree = "<group>";
		};
		2A1ED6761C592E8A0082E4FF /* Facebook  */ = {
			isa = PBXGroup;
			children = (
				2A1ED6701C592E840082E4FF /* FBSDKCoreKit.framework */,
				2A1ED6711C592E840082E4FF /* FBSDKLoginKit.framework */,
				2A1ED6721C592E840082E4FF /* FBSDKShareKit.framework */,
			);
			name = "Facebook ";
			sourceTree = "<group>";
		};
/* End PBXGroup section */

/* Begin PBXNativeTarget section */
		2A1ED6081C5827FE0082E4FF /* MatchUpProject */ = {
			isa = PBXNativeTarget;
			buildConfigurationList = 2A1ED6331C5827FF0082E4FF /* Build configuration list for PBXNativeTarget "MatchUpProject" */;
			buildPhases = (
				2A1ED6051C5827FE0082E4FF /* Sources */,
				2A1ED6061C5827FE0082E4FF /* Frameworks */,
				2A1ED6071C5827FE0082E4FF /* Resources */,
			);
			buildRules = (
			);
			dependencies = (
			);
			name = MatchUpProject;
			productName = MatchUpProject;
			productReference = 2A1ED6091C5827FE0082E4FF /* MatchUpProject.app */;
			productType = "com.apple.product-type.application";
		};
		2A1ED61E1C5827FF0082E4FF /* MatchUpProjectTests */ = {
			isa = PBXNativeTarget;
			buildConfigurationList = 2A1ED6361C5827FF0082E4FF /* Build configuration list for PBXNativeTarget "MatchUpProjectTests" */;
			buildPhases = (
				2A1ED61B1C5827FF0082E4FF /* Sources */,
				2A1ED61C1C5827FF0082E4FF /* Frameworks */,
				2A1ED61D1C5827FF0082E4FF /* Resources */,
			);
			buildRules = (
			);
			dependencies = (
				2A1ED6211C5827FF0082E4FF /* PBXTargetDependency */,
			);
			name = MatchUpProjectTests;
			productName = MatchUpProjectTests;
			productReference = 2A1ED61F1C5827FF0082E4FF /* MatchUpProjectTests.xctest */;
			productType = "com.apple.product-type.bundle.unit-test";
		};
		2A1ED6291C5827FF0082E4FF /* MatchUpProjectUITests */ = {
			isa = PBXNativeTarget;
			buildConfigurationList = 2A1ED6391C5827FF0082E4FF /* Build configuration list for PBXNativeTarget "MatchUpProjectUITests" */;
			buildPhases = (
				2A1ED6261C5827FF0082E4FF /* Sources */,
				2A1ED6271C5827FF0082E4FF /* Frameworks */,
				2A1ED6281C5827FF0082E4FF /* Resources */,
			);
			buildRules = (
			);
			dependencies = (
				2A1ED62C1C5827FF0082E4FF /* PBXTargetDependency */,
			);
			name = MatchUpProjectUITests;
			productName = MatchUpProjectUITests;
			productReference = 2A1ED62A1C5827FF0082E4FF /* MatchUpProjectUITests.xctest */;
			productType = "com.apple.product-type.bundle.ui-testing";
		};
/* End PBXNativeTarget section */

/* Begin PBXProject section */
		2A1ED6011C5827FE0082E4FF /* Project object */ = {
			isa = PBXProject;
			attributes = {
				LastSwiftUpdateCheck = 0720;
				LastUpgradeCheck = 0720;
				ORGANIZATIONNAME = "Emmanuel Cuevas";
				TargetAttributes = {
					2A1ED6081C5827FE0082E4FF = {
						CreatedOnToolsVersion = 7.2;
					};
					2A1ED61E1C5827FF0082E4FF = {
						CreatedOnToolsVersion = 7.2;
						TestTargetID = 2A1ED6081C5827FE0082E4FF;
					};
					2A1ED6291C5827FF0082E4FF = {
						CreatedOnToolsVersion = 7.2;
						TestTargetID = 2A1ED6081C5827FE0082E4FF;
					};
				};
			};
			buildConfigurationList = 2A1ED6041C5827FE0082E4FF /* Build configuration list for PBXProject "MatchUpProject" */;
			compatibilityVersion = "Xcode 3.2";
			developmentRegion = English;
			hasScannedForEncodings = 0;
			knownRegions = (
				en,
				Base,
			);
			mainGroup = 2A1ED6001C5827FE0082E4FF;
			productRefGroup = 2A1ED60A1C5827FE0082E4FF /* Products */;
			projectDirPath = "";
			projectRoot = "";
			targets = (
				2A1ED6081C5827FE0082E4FF /* MatchUpProject */,
				2A1ED61E1C5827FF0082E4FF /* MatchUpProjectTests */,
				2A1ED6291C5827FF0082E4FF /* MatchUpProjectUITests */,
			);
		};
/* End PBXProject section */

/* Begin PBXResourcesBuildPhase section */
		2A1ED6071C5827FE0082E4FF /* Resources */ = {
			isa = PBXResourcesBuildPhase;
			buildActionMask = 2147483647;
			files = (
				2A1ED6191C5827FF0082E4FF /* LaunchScreen.storyboard in Resources */,
				2A1ED6161C5827FF0082E4FF /* Assets.xcassets in Resources */,
				2A1ED6611C5924730082E4FF /* Podfile in Resources */,
				2A1ED6141C5827FF0082E4FF /* Main.storyboard in Resources */,
			);
			runOnlyForDeploymentPostprocessing = 0;
		};
		2A1ED61D1C5827FF0082E4FF /* Resources */ = {
			isa = PBXResourcesBuildPhase;
			buildActionMask = 2147483647;
			files = (
			);
			runOnlyForDeploymentPostprocessing = 0;
		};
		2A1ED6281C5827FF0082E4FF /* Resources */ = {
			isa = PBXResourcesBuildPhase;
			buildActionMask = 2147483647;
			files = (
			);
			runOnlyForDeploymentPostprocessing = 0;
		};
/* End PBXResourcesBuildPhase section */

/* Begin PBXSourcesBuildPhase section */
		2A1ED6051C5827FE0082E4FF /* Sources */ = {
			isa = PBXSourcesBuildPhase;
			buildActionMask = 2147483647;
			files = (
				2A1ED63D1C582B310082E4FF /* LoginViewController.swift in Sources */,
				2A1ED6111C5827FF0082E4FF /* SecondViewController.swift in Sources */,
				2A1ED60D1C5827FF0082E4FF /* AppDelegate.swift in Sources */,
				2A1ED60F1C5827FF0082E4FF /* FirstViewController.swift in Sources */,
			);
			runOnlyForDeploymentPostprocessing = 0;
		};
		2A1ED61B1C5827FF0082E4FF /* Sources */ = {
			isa = PBXSourcesBuildPhase;
			buildActionMask = 2147483647;
			files = (
				2A1ED6241C5827FF0082E4FF /* MatchUpProjectTests.swift in Sources */,
			);
			runOnlyForDeploymentPostprocessing = 0;
		};
		2A1ED6261C5827FF0082E4FF /* Sources */ = {
			isa = PBXSourcesBuildPhase;
			buildActionMask = 2147483647;
			files = (
				2A1ED62F1C5827FF0082E4FF /* MatchUpProjectUITests.swift in Sources */,
			);
			runOnlyForDeploymentPostprocessing = 0;
		};
/* End PBXSourcesBuildPhase section */

/* Begin PBXTargetDependency section */
		2A1ED6211C5827FF0082E4FF /* PBXTargetDependency */ = {
			isa = PBXTargetDependency;
			target = 2A1ED6081C5827FE0082E4FF /* MatchUpProject */;
			targetProxy = 2A1ED6201C5827FF0082E4FF /* PBXContainerItemProxy */;
		};
		2A1ED62C1C5827FF0082E4FF /* PBXTargetDependency */ = {
			isa = PBXTargetDependency;
			target = 2A1ED6081C5827FE0082E4FF /* MatchUpProject */;
			targetProxy = 2A1ED62B1C5827FF0082E4FF /* PBXContainerItemProxy */;
		};
/* End PBXTargetDependency section */

/* Begin PBXVariantGroup section */
		2A1ED6121C5827FF0082E4FF /* Main.storyboard */ = {
			isa = PBXVariantGroup;
			children = (
				2A1ED6131C5827FF0082E4FF /* Base */,
			);
			name = Main.storyboard;
			sourceTree = "<group>";
		};
		2A1ED6171C5827FF0082E4FF /* LaunchScreen.storyboard */ = {
			isa = PBXVariantGroup;
			children = (
				2A1ED6181C5827FF0082E4FF /* Base */,
			);
			name = LaunchScreen.storyboard;
			sourceTree = "<group>";
		};
/* End PBXVariantGroup section */

/* Begin XCBuildConfiguration section */
		2A1ED6311C5827FF0082E4FF /* Debug */ = {
			isa = XCBuildConfiguration;
			buildSettings = {
				ALWAYS_SEARCH_USER_PATHS = NO;
				CLANG_CXX_LANGUAGE_STANDARD = "gnu++0x";
				CLANG_CXX_LIBRARY = "libc++";
				CLANG_ENABLE_MODULES = YES;
				CLANG_ENABLE_OBJC_ARC = YES;
				CLANG_WARN_BOOL_CONVERSION = YES;
				CLANG_WARN_CONSTANT_CONVERSION = YES;
				CLANG_WARN_DIRECT_OBJC_ISA_USAGE = YES_ERROR;
				CLANG_WARN_EMPTY_BODY = YES;
				CLANG_WARN_ENUM_CONVERSION = YES;
				CLANG_WARN_INT_CONVERSION = YES;
				CLANG_WARN_OBJC_ROOT_CLASS = YES_ERROR;
				CLANG_WARN_UNREACHABLE_CODE = YES;
				CLANG_WARN__DUPLICATE_METHOD_MATCH = YES;
				"CODE_SIGN_IDENTITY[sdk=iphoneos*]" = "iPhone Developer";
				COPY_PHASE_STRIP = NO;
				DEBUG_INFORMATION_FORMAT = dwarf;
				ENABLE_STRICT_OBJC_MSGSEND = YES;
				ENABLE_TESTABILITY = YES;
				GCC_C_LANGUAGE_STANDARD = gnu99;
				GCC_DYNAMIC_NO_PIC = NO;
				GCC_NO_COMMON_BLOCKS = YES;
				GCC_OPTIMIZATION_LEVEL = 0;
				GCC_PREPROCESSOR_DEFINITIONS = (
					"DEBUG=1",
					"$(inherited)",
				);
				GCC_WARN_64_TO_32_BIT_CONVERSION = YES;
				GCC_WARN_ABOUT_RETURN_TYPE = YES_ERROR;
				GCC_WARN_UNDECLARED_SELECTOR = YES;
				GCC_WARN_UNINITIALIZED_AUTOS = YES_AGGRESSIVE;
				GCC_WARN_UNUSED_FUNCTION = YES;
				GCC_WARN_UNUSED_VARIABLE = YES;
				IPHONEOS_DEPLOYMENT_TARGET = 9.2;
				MTL_ENABLE_DEBUG_INFO = YES;
				ONLY_ACTIVE_ARCH = YES;
				SDKROOT = iphoneos;
				SWIFT_OPTIMIZATION_LEVEL = "-Onone";
			};
			name = Debug;
		};
		2A1ED6321C5827FF0082E4FF /* Release */ = {
			isa = XCBuildConfiguration;
			buildSettings = {
				ALWAYS_SEARCH_USER_PATHS = NO;
				CLANG_CXX_LANGUAGE_STANDARD = "gnu++0x";
				CLANG_CXX_LIBRARY = "libc++";
				CLANG_ENABLE_MODULES = YES;
				CLANG_ENABLE_OBJC_ARC = YES;
				CLANG_WARN_BOOL_CONVERSION = YES;
				CLANG_WARN_CONSTANT_CONVERSION = YES;
				CLANG_WARN_DIRECT_OBJC_ISA_USAGE = YES_ERROR;
				CLANG_WARN_EMPTY_BODY = YES;
				CLANG_WARN_ENUM_CONVERSION = YES;
				CLANG_WARN_INT_CONVERSION = YES;
				CLANG_WARN_OBJC_ROOT_CLASS = YES_ERROR;
				CLANG_WARN_UNREACHABLE_CODE = YES;
				CLANG_WARN__DUPLICATE_METHOD_MATCH = YES;
				"CODE_SIGN_IDENTITY[sdk=iphoneos*]" = "iPhone Developer";
				COPY_PHASE_STRIP = NO;
				DEBUG_INFORMATION_FORMAT = "dwarf-with-dsym";
				ENABLE_NS_ASSERTIONS = NO;
				ENABLE_STRICT_OBJC_MSGSEND = YES;
				GCC_C_LANGUAGE_STANDARD = gnu99;
				GCC_NO_COMMON_BLOCKS = YES;
				GCC_WARN_64_TO_32_BIT_CONVERSION = YES;
				GCC_WARN_ABOUT_RETURN_TYPE = YES_ERROR;
				GCC_WARN_UNDECLARED_SELECTOR = YES;
				GCC_WARN_UNINITIALIZED_AUTOS = YES_AGGRESSIVE;
				GCC_WARN_UNUSED_FUNCTION = YES;
				GCC_WARN_UNUSED_VARIABLE = YES;
				IPHONEOS_DEPLOYMENT_TARGET = 9.2;
				MTL_ENABLE_DEBUG_INFO = NO;
				SDKROOT = iphoneos;
				VALIDATE_PRODUCT = YES;
			};
			name = Release;
		};
		2A1ED6341C5827FF0082E4FF /* Debug */ = {
			isa = XCBuildConfiguration;
			buildSettings = {
				ASSETCATALOG_COMPILER_APPICON_NAME = AppIcon;
				FRAMEWORK_SEARCH_PATHS = (
					"$(inherited)",
					"$(PROJECT_DIR)",
				);
				INFOPLIST_FILE = MatchUpProject/Info.plist;
				LD_RUNPATH_SEARCH_PATHS = "$(inherited) @executable_path/Frameworks";
				PRODUCT_BUNDLE_IDENTIFIER = IBM.MatchUpProject;
				PRODUCT_NAME = "$(TARGET_NAME)";
				SWIFT_OBJC_BRIDGING_HEADER = "MatchUpProject-Bridging-Header.h";
			};
			name = Debug;
		};
		2A1ED6351C5827FF0082E4FF /* Release */ = {
			isa = XCBuildConfiguration;
			buildSettings = {
				ASSETCATALOG_COMPILER_APPICON_NAME = AppIcon;
				FRAMEWORK_SEARCH_PATHS = (
					"$(inherited)",
					"$(PROJECT_DIR)",
				);
				INFOPLIST_FILE = MatchUpProject/Info.plist;
				LD_RUNPATH_SEARCH_PATHS = "$(inherited) @executable_path/Frameworks";
				PRODUCT_BUNDLE_IDENTIFIER = IBM.MatchUpProject;
				PRODUCT_NAME = "$(TARGET_NAME)";
				SWIFT_OBJC_BRIDGING_HEADER = "MatchUpProject-Bridging-Header.h";
			};
			name = Release;
		};
		2A1ED6371C5827FF0082E4FF /* Debug */ = {
			isa = XCBuildConfiguration;
			buildSettings = {
				BUNDLE_LOADER = "$(TEST_HOST)";
				INFOPLIST_FILE = MatchUpProjectTests/Info.plist;
				LD_RUNPATH_SEARCH_PATHS = "$(inherited) @executable_path/Frameworks @loader_path/Frameworks";
				PRODUCT_BUNDLE_IDENTIFIER = IBM.MatchUpProjectTests;
				PRODUCT_NAME = "$(TARGET_NAME)";
				TEST_HOST = "$(BUILT_PRODUCTS_DIR)/MatchUpProject.app/MatchUpProject";
			};
			name = Debug;
		};
		2A1ED6381C5827FF0082E4FF /* Release */ = {
			isa = XCBuildConfiguration;
			buildSettings = {
				BUNDLE_LOADER = "$(TEST_HOST)";
				INFOPLIST_FILE = MatchUpProjectTests/Info.plist;
				LD_RUNPATH_SEARCH_PATHS = "$(inherited) @executable_path/Frameworks @loader_path/Frameworks";
				PRODUCT_BUNDLE_IDENTIFIER = IBM.MatchUpProjectTests;
				PRODUCT_NAME = "$(TARGET_NAME)";
				TEST_HOST = "$(BUILT_PRODUCTS_DIR)/MatchUpProject.app/MatchUpProject";
			};
			name = Release;
		};
		2A1ED63A1C5827FF0082E4FF /* Debug */ = {
			isa = XCBuildConfiguration;
			buildSettings = {
				INFOPLIST_FILE = MatchUpProjectUITests/Info.plist;
				LD_RUNPATH_SEARCH_PATHS = "$(inherited) @executable_path/Frameworks @loader_path/Frameworks";
				PRODUCT_BUNDLE_IDENTIFIER = IBM.MatchUpProjectUITests;
				PRODUCT_NAME = "$(TARGET_NAME)";
				TEST_TARGET_NAME = MatchUpProject;
				USES_XCTRUNNER = YES;
			};
			name = Debug;
		};
		2A1ED63B1C5827FF0082E4FF /* Release */ = {
			isa = XCBuildConfiguration;
			buildSettings = {
				INFOPLIST_FILE = MatchUpProjectUITests/Info.plist;
				LD_RUNPATH_SEARCH_PATHS = "$(inherited) @executable_path/Frameworks @loader_path/Frameworks";
				PRODUCT_BUNDLE_IDENTIFIER = IBM.MatchUpProjectUITests;
				PRODUCT_NAME = "$(TARGET_NAME)";
				TEST_TARGET_NAME = MatchUpProject;
				USES_XCTRUNNER = YES;
			};
			name = Release;
		};
/* End XCBuildConfiguration section */

/* Begin XCConfigurationList section */
		2A1ED6041C5827FE0082E4FF /* Build configuration list for PBXProject "MatchUpProject" */ = {
			isa = XCConfigurationList;
			buildConfigurations = (
				2A1ED6311C5827FF0082E4FF /* Debug */,
				2A1ED6321C5827FF0082E4FF /* Release */,
			);
			defaultConfigurationIsVisible = 0;
			defaultConfigurationName = Release;
		};
		2A1ED6331C5827FF0082E4FF /* Build configuration list for PBXNativeTarget "MatchUpProject" */ = {
			isa = XCConfigurationList;
			buildConfigurations = (
				2A1ED6341C5827FF0082E4FF /* Debug */,
				2A1ED6351C5827FF0082E4FF /* Release */,
			);
			defaultConfigurationIsVisible = 0;
		};
		2A1ED6361C5827FF0082E4FF /* Build configuration list for PBXNativeTarget "MatchUpProjectTests" */ = {
			isa = XCConfigurationList;
			buildConfigurations = (
				2A1ED6371C5827FF0082E4FF /* Debug */,
				2A1ED6381C5827FF0082E4FF /* Release */,
			);
			defaultConfigurationIsVisible = 0;
		};
		2A1ED6391C5827FF0082E4FF /* Build configuration list for PBXNativeTarget "MatchUpProjectUITests" */ = {
			isa = XCConfigurationList;
			buildConfigurations = (
				2A1ED63A1C5827FF0082E4FF /* Debug */,
				2A1ED63B1C5827FF0082E4FF /* Release */,
			);
			defaultConfigurationIsVisible = 0;
		};
/* End XCConfigurationList section */
	};
	rootObject = 2A1ED6011C5827FE0082E4FF /* Project object */;
}
